// !$*UTF8*$!
{
	archiveVersion = 1;
	classes = {
	};
	objectVersion = 46;
	objects = {

/* Begin PBXBuildFile section */
		03E72E251FCAF3CC001D6A7E /* AppDelegate.swift in Sources */ = {isa = PBXBuildFile; fileRef = 03E72E241FCAF3CC001D6A7E /* AppDelegate.swift */; };
		03E72E271FCAF3CC001D6A7E /* ViewController.swift in Sources */ = {isa = PBXBuildFile; fileRef = 03E72E261FCAF3CC001D6A7E /* ViewController.swift */; };
		03E72E2A1FCAF3CC001D6A7E /* Main.storyboard in Resources */ = {isa = PBXBuildFile; fileRef = 03E72E281FCAF3CC001D6A7E /* Main.storyboard */; };
		03E72E2C1FCAF3CC001D6A7E /* Assets.xcassets in Resources */ = {isa = PBXBuildFile; fileRef = 03E72E2B1FCAF3CC001D6A7E /* Assets.xcassets */; };
		03E72E2F1FCAF3CC001D6A7E /* LaunchScreen.storyboard in Resources */ = {isa = PBXBuildFile; fileRef = 03E72E2D1FCAF3CC001D6A7E /* LaunchScreen.storyboard */; };
/* End PBXBuildFile section */

/* Begin PBXFileReference section */
		03E72E211FCAF3CC001D6A7E /* UIScrollViewTest.app */ = {isa = PBXFileReference; explicitFileType = wrapper.application; includeInIndex = 0; path = UIScrollViewTest.app; sourceTree = BUILT_PRODUCTS_DIR; };
		03E72E241FCAF3CC001D6A7E /* AppDelegate.swift */ = {isa = PBXFileReference; lastKnownFileType = sourcecode.swift; path = AppDelegate.swift; sourceTree = "<group>"; };
		03E72E261FCAF3CC001D6A7E /* ViewController.swift */ = {isa = PBXFileReference; lastKnownFileType = sourcecode.swift; path = ViewController.swift; sourceTree = "<group>"; };
		03E72E291FCAF3CC001D6A7E /* Base */ = {isa = PBXFileReference; lastKnownFileType = file.storyboard; name = Base; path = Base.lproj/Main.storyboard; sourceTree = "<group>"; };
		03E72E2B1FCAF3CC001D6A7E /* Assets.xcassets */ = {isa = PBXFileReference; lastKnownFileType = folder.assetcatalog; path = Assets.xcassets; sourceTree = "<group>"; };
		03E72E2E1FCAF3CC001D6A7E /* Base */ = {isa = PBXFileReference; lastKnownFileType = file.storyboard; name = Base; path = Base.lproj/LaunchScreen.storyboard; sourceTree = "<group>"; };
		03E72E301FCAF3CC001D6A7E /* Info.plist */ = {isa = PBXFileReference; lastKnownFileType = text.plist.xml; path = Info.plist; sourceTree = "<group>"; };
/* End PBXFileReference section */

/* Begin PBXFrameworksBuildPhase section */
		03E72E1E1FCAF3CC001D6A7E /* Frameworks */ = {
			isa = PBXFrameworksBuildPhase;
			buildActionMask = 2147483647;
			files = (
			);
			runOnlyForDeploymentPostprocessing = 0;
		};
/* End PBXFrameworksBuildPhase section */

/* Begin PBXGroup section */
		03E72E181FCAF3CC001D6A7E = {
			isa = PBXGroup;
			children = (
				03E72E231FCAF3CC001D6A7E /* UIScrollViewTest */,
				03E72E221FCAF3CC001D6A7E /* Products */,
			);
			sourceTree = "<group>";
		};
		03E72E221FCAF3CC001D6A7E /* Products */ = {
			isa = PBXGroup;
			children = (
				03E72E211FCAF3CC001D6A7E /* UIScrollViewTest.app */,
			);
			name = Products;
			sourceTree = "<group>";
		};
		03E72E231FCAF3CC001D6A7E /* UIScrollViewTest */ = {
			isa = PBXGroup;
			children = (
				03E72E241FCAF3CC001D6A7E /* AppDelegate.swift */,
				03E72E261FCAF3CC001D6A7E /* ViewController.swift */,
				03E72E281FCAF3CC001D6A7E /* Main.storyboard */,
				03E72E2B1FCAF3CC001D6A7E /* Assets.xcassets */,
				03E72E2D1FCAF3CC001D6A7E /* LaunchScreen.storyboard */,
				03E72E301FCAF3CC001D6A7E /* Info.plist */,
			);
			path = UIScrollViewTest;
			sourceTree = "<group>";
		};
/* End PBXGroup section */

/* Begin PBXNativeTarget section */
		03E72E201FCAF3CC001D6A7E /* UIScrollViewTest */ = {
			isa = PBXNativeTarget;
			buildConfigurationList = 03E72E331FCAF3CC001D6A7E /* Build configuration list for PBXNativeTarget "UIScrollViewTest" */;
			buildPhases = (
				03E72E1D1FCAF3CC001D6A7E /* Sources */,
				03E72E1E1FCAF3CC001D6A7E /* Frameworks */,
				03E72E1F1FCAF3CC001D6A7E /* Resources */,
			);
			buildRules = (
			);
			dependencies = (
			);
			name = UIScrollViewTest;
			productName = UIScrollViewTest;
			productReference = 03E72E211FCAF3CC001D6A7E /* UIScrollViewTest.app */;
			productType = "com.apple.product-type.application";
		};
/* End PBXNativeTarget section */

/* Begin PBXProject section */
		03E72E191FCAF3CC001D6A7E /* Project object */ = {
			isa = PBXProject;
			attributes = {
				LastSwiftUpdateCheck = 0830;
				LastUpgradeCheck = 0830;
				ORGANIZATIONNAME = lac;
				TargetAttributes = {
					03E72E201FCAF3CC001D6A7E = {
						CreatedOnToolsVersion = 8.3.2;
						DevelopmentTeam = G4Z96832Q8;
						ProvisioningStyle = Automatic;
					};
				};
			};
			buildConfigurationList = 03E72E1C1FCAF3CC001D6A7E /* Build configuration list for PBXProject "UIScrollViewTest" */;
			compatibilityVersion = "Xcode 3.2";
			developmentRegion = English;
			hasScannedForEncodings = 0;
			knownRegions = (
				en,
				Base,
			);
			mainGroup = 03E72E181FCAF3CC001D6A7E;
			productRefGroup = 03E72E221FCAF3CC001D6A7E /* Products */;
			projectDirPath = "";
			projectRoot = "";
			targets = (
				03E72E201FCAF3CC001D6A7E /* UIScrollViewTest */,
			);
		};
/* End PBXProject section */

/* Begin PBXResourcesBuildPhase section */
		03E72E1F1FCAF3CC001D6A7E /* Resources */ = {
			isa = PBXResourcesBuildPhase;
			buildActionMask = 2147483647;
			files = (
				03E72E2F1FCAF3CC001D6A7E /* LaunchScreen.storyboard in Resources */,
				03E72E2C1FCAF3CC001D6A7E /* Assets.xcassets in Resources */,
				03E72E2A1FCAF3CC001D6A7E /* Main.storyboard in Resources */,
			);
			runOnlyForDeploymentPostprocessing = 0;
		};
/* End PBXResourcesBuildPhase section */

/* Begin PBXSourcesBuildPhase section */
		03E72E1D1FCAF3CC001D6A7E /* Sources */ = {
			isa = PBXSourcesBuildPhase;
			buildActionMask = 2147483647;
			files = (
				03E72E271FCAF3CC001D6A7E /* ViewController.swift in Sources */,
				03E72E251FCAF3CC001D6A7E /* AppDelegate.swift in Sources */,
			);
			runOnlyForDeploymentPostprocessing = 0;
		};
/* End PBXSourcesBuildPhase section */

/* Begin PBXVariantGroup section */
		03E72E281FCAF3CC001D6A7E /* Main.storyboard */ = {
			isa = PBXVariantGroup;
			children = (
				03E72E291FCAF3CC001D6A7E /* Base */,
			);
			name = Main.storyboard;
			sourceTree = "<group>";
		};
		03E72E2D1FCAF3CC001D6A7E /* LaunchScreen.storyboard */ = {
			isa = PBXVariantGroup;
			children = (
				03E72E2E1FCAF3CC001D6A7E /* Base */,
			);
			name = LaunchScreen.storyboard;
			sourceTree = "<group>";
		};
/* End PBXVariantGroup section */

/* Begin XCBuildConfiguration section */
		03E72E311FCAF3CC001D6A7E /* Debug */ = {
			isa = XCBuildConfiguration;
			buildSettings = {
				ALWAYS_SEARCH_USER_PATHS = NO;
				CLANG_ANALYZER_NONNULL = YES;
				CLANG_ANALYZER_NUMBER_OBJECT_CONVERSION = YES_AGGRESSIVE;
				CLANG_CXX_LANGUAGE_STANDARD = "gnu++0x";
				CLANG_CXX_LIBRARY = "libc++";
				CLANG_ENABLE_MODULES = YES;
				CLANG_ENABLE_OBJC_ARC = YES;
				CLANG_WARN_BOOL_CONVERSION = YES;
				CLANG_WARN_CONSTANT_CONVERSION = YES;
				CLANG_WARN_DIRECT_OBJC_ISA_USAGE = YES_ERROR;
				CLANG_WARN_DOCUMENTATION_COMMENTS = YES;
				CLANG_WARN_EMPTY_BODY = YES;
				CLANG_WARN_ENUM_CONVERSION = YES;
				CLANG_WARN_INFINITE_RECURSION = YES;
				CLANG_WARN_INT_CONVERSION = YES;
				CLANG_WARN_OBJC_ROOT_CLASS = YES_ERROR;
				CLANG_WARN_SUSPICIOUS_MOVE = YES;
				CLANG_WARN_UNREACHABLE_CODE = YES;
				CLANG_WARN__DUPLICATE_METHOD_MATCH = YES;
				"CODE_SIGN_IDENTITY[sdk=iphoneos*]" = "iPhone Developer";
				COPY_PHASE_STRIP = NO;
				DEBUG_INFORMATION_FORMAT = dwarf;
				ENABLE_STRICT_OBJC_MSGSEND = YES;
				ENABLE_TESTABILITY = YES;
				GCC_C_LANGUAGE_STANDARD = gnu99;
				GCC_DYNAMIC_NO_PIC = NO;
				GCC_NO_COMMON_BLOCKS = YES;
				GCC_OPTIMIZATION_LEVEL = 0;
				GCC_PREPROCESSOR_DEFINITIONS = (
					"DEBUG=1",
					"$(inherited)",
				);
				GCC_WARN_64_TO_32_BIT_CONVERSION = YES;
				GCC_WARN_ABOUT_RETURN_TYPE = YES_ERROR;
				GCC_WARN_UNDECLARED_SELECTOR = YES;
				GCC_WARN_UNINITIALIZED_AUTOS = YES_AGGRESSIVE;
				GCC_WARN_UNUSED_FUNCTION = YES;
				GCC_WARN_UNUSED_VARIABLE = YES;
				IPHONEOS_DEPLOYMENT_TARGET = 10.3;
				MTL_ENABLE_DEBUG_INFO = YES;
				ONLY_ACTIVE_ARCH = YES;
				SDKROOT = iphoneos;
				SWIFT_ACTIVE_COMPILATION_CONDITIONS = DEBUG;
				SWIFT_OPTIMIZATION_LEVEL = "-Onone";
			};
			name = Debug;
		};
		03E72E321FCAF3CC001D6A7E /* Release */ = {
			isa = XCBuildConfiguration;
			buildSettings = {
				ALWAYS_SEARCH_USER_PATHS = NO;
				CLANG_ANALYZER_NONNULL = YES;
				CLANG_ANALYZER_NUMBER_OBJECT_CONVERSION = YES_AGGRESSIVE;
				CLANG_CXX_LANGUAGE_STANDARD = "gnu++0x";
				CLANG_CXX_LIBRARY = "libc++";
				CLANG_ENABLE_MODULES = YES;
				CLANG_ENABLE_OBJC_ARC = YES;
				CLANG_WARN_BOOL_CONVERSION = YES;
				CLANG_WARN_CONSTANT_CONVERSION = YES;
				CLANG_WARN_DIRECT_OBJC_ISA_USAGE = YES_ERROR;
				CLANG_WARN_DOCUMENTATION_COMMENTS = YES;
				CLANG_WARN_EMPTY_BODY = YES;
				CLANG_WARN_ENUM_CONVERSION = YES;
				CLANG_WARN_INFINITE_RECURSION = YES;
				CLANG_WARN_INT_CONVERSION = YES;
				CLANG_WARN_OBJC_ROOT_CLASS = YES_ERROR;
				CLANG_WARN_SUSPICIOUS_MOVE = YES;
				CLANG_WARN_UNREACHABLE_CODE = YES;
				CLANG_WARN__DUPLICATE_METHOD_MATCH = YES;
				"CODE_SIGN_IDENTITY[sdk=iphoneos*]" = "iPhone Developer";
				COPY_PHASE_STRIP = NO;
				DEBUG_INFORMATION_FORMAT = "dwarf-with-dsym";
				ENABLE_NS_ASSERTIONS = NO;
				ENABLE_STRICT_OBJC_MSGSEND = YES;
				GCC_C_LANGUAGE_STANDARD = gnu99;
				GCC_NO_COMMON_BLOCKS = YES;
				GCC_WARN_64_TO_32_BIT_CONVERSION = YES;
				GCC_WARN_ABOUT_RETURN_TYPE = YES_ERROR;
				GCC_WARN_UNDECLARED_SELECTOR = YES;
				GCC_WARN_UNINITIALIZED_AUTOS = YES_AGGRESSIVE;
				GCC_WARN_UNUSED_FUNCTION = YES;
				GCC_WARN_UNUSED_VARIABLE = YES;
				IPHONEOS_DEPLOYMENT_TARGET = 10.3;
				MTL_ENABLE_DEBUG_INFO = NO;
				SDKROOT = iphoneos;
				SWIFT_OPTIMIZATION_LEVEL = "-Owholemodule";
				VALIDATE_PRODUCT = YES;
			};
			name = Release;
		};
		03E72E341FCAF3CC001D6A7E /* Debug */ = {
			isa = XCBuildConfiguration;
			buildSettings = {
				ASSETCATALOG_COMPILER_APPICON_NAME = AppIcon;
				DEVELOPMENT_TEAM = G4Z96832Q8;
				INFOPLIST_FILE = UIScrollViewTest/Info.plist;
				LD_RUNPATH_SEARCH_PATHS = "$(inherited) @executable_path/Frameworks";
				PRODUCT_BUNDLE_IDENTIFIER = Zyy.UIScrollViewTest;
				PRODUCT_NAME = "$(TARGET_NAME)";
				SWIFT_VERSION = 3.0;
			};
			name = Debug;
		};
		03E72E351FCAF3CC001D6A7E /* Release */ = {
			isa = XCBuildConfiguration;
			buildSettings = {
				ASSETCATALOG_COMPILER_APPICON_NAME = AppIcon;
				DEVELOPMENT_TEAM = G4Z96832Q8;
				INFOPLIST_FILE = UIScrollViewTest/Info.plist;
				LD_RUNPATH_SEARCH_PATHS = "$(inherited) @executable_path/Frameworks";
				PRODUCT_BUNDLE_IDENTIFIER = Zyy.UIScrollViewTest;
				PRODUCT_NAME = "$(TARGET_NAME)";
				SWIFT_VERSION = 3.0;
			};
			name = Release;
		};
/* End XCBuildConfiguration section */

/* Begin XCConfigurationList section */
		03E72E1C1FCAF3CC001D6A7E /* Build configuration list for PBXProject "UIScrollViewTest" */ = {
			isa = XCConfigurationList;
			buildConfigurations = (
				03E72E311FCAF3CC001D6A7E /* Debug */,
				03E72E321FCAF3CC001D6A7E /* Release */,
			);
			defaultConfigurationIsVisible = 0;
			defaultConfigurationName = Release;
		};
		03E72E331FCAF3CC001D6A7E /* Build configuration list for PBXNativeTarget "UIScrollViewTest" */ = {
			isa = XCConfigurationList;
			buildConfigurations = (
				03E72E341FCAF3CC001D6A7E /* Debug */,
				03E72E351FCAF3CC001D6A7E /* Release */,
			);
			defaultConfigurationIsVisible = 0;
		};
/* End XCConfigurationList section */
	};
	rootObject = 03E72E191FCAF3CC001D6A7E /* Project object */;
}
